
Microsoft Visual Studio Solution File, Format Version 12.00
# Visual Studio Version 16
VisualStudioVersion = 16.0.30406.217
MinimumVisualStudioVersion = 10.0.40219.1
Project("{9A19103F-16F7-4668-BE54-9A1E7A4F7556}") = "exercise-state-wise-temperature-average", "exercise-state-wise-temperature-average\exercise-state-wise-temperature-average.csproj", "{1A06316F-1866-46B7-84E4-9A7BB5278934}"
EndProject
Project("{9A19103F-16F7-4668-BE54-9A1E7A4F7556}") = "test", "test\test.csproj", "{B2591BE2-16A4-43B8-9408-66AE9BE24F62}"
EndProject
Global
	GlobalSection(SolutionConfigurationPlatforms) = preSolution
		Debug|Any CPU = Debug|Any CPU
		Release|Any CPU = Release|Any CPU
	EndGlobalSection
	GlobalSection(ProjectConfigurationPlatforms) = postSolution
		{1A06316F-1866-46B7-84E4-9A7BB5278934}.Debug|Any CPU.ActiveCfg = Debug|Any CPU
		{1A06316F-1866-46B7-84E4-9A7BB5278934}.Debug|Any CPU.Build.0 = Debug|Any CPU
		{1A06316F-1866-46B7-84E4-9A7BB5278934}.Release|Any CPU.ActiveCfg = Release|Any CPU
		{1A06316F-1866-46B7-84E4-9A7BB5278934}.Release|Any CPU.Build.0 = Release|Any CPU
		{B2591BE2-16A4-43B8-9408-66AE9BE24F62}.Debug|Any CPU.ActiveCfg = Debug|Any CPU
		{B2591BE2-16A4-43B8-9408-66AE9BE24F62}.Debug|Any CPU.Build.0 = Debug|Any CPU
		{B2591BE2-16A4-43B8-9408-66AE9BE24F62}.Release|Any CPU.ActiveCfg = Release|Any CPU
		{B2591BE2-16A4-43B8-9408-66AE9BE24F62}.Release|Any CPU.Build.0 = Release|Any CPU
	EndGlobalSection
	GlobalSection(SolutionProperties) = preSolution
		HideSolutionNode = FALSE
	EndGlobalSection
	GlobalSection(ExtensibilityGlobals) = postSolution
		SolutionGuid = {9552DFF1-335A-4A6F-B579-50200597A20F}
	EndGlobalSection
EndGlobal
